
Microsoft Visual Studio Solution File, Format Version 12.00
# Visual Studio Version 17
VisualStudioVersion = 17.5.33424.131
MinimumVisualStudioVersion = 10.0.40219.1
Project("{FAE04EC0-301F-11D3-BF4B-00C04F79EFBC}") = "StudentThesis", "StudentThesis\StudentThesis.csproj", "{C45AEA96-1E86-454B-95D7-67386C019E81}"
EndProject
Global
	GlobalSection(SolutionConfigurationPlatforms) = preSolution
		Debug|Any CPU = Debug|Any CPU
		Release|Any CPU = Release|Any CPU
	EndGlobalSection
	GlobalSection(ProjectConfigurationPlatforms) = postSolution
		{C45AEA96-1E86-454B-95D7-67386C019E81}.Debug|Any CPU.ActiveCfg = Debug|Any CPU
		{C45AEA96-1E86-454B-95D7-67386C019E81}.Debug|Any CPU.Build.0 = Debug|Any CPU
		{C45AEA96-1E86-454B-95D7-67386C019E81}.Release|Any CPU.ActiveCfg = Release|Any CPU
		{C45AEA96-1E86-454B-95D7-67386C019E81}.Release|Any CPU.Build.0 = Release|Any CPU
	EndGlobalSection
	GlobalSection(SolutionProperties) = preSolution
		HideSolutionNode = FALSE
	EndGlobalSection
	GlobalSection(ExtensibilityGlobals) = postSolution
		SolutionGuid = {CD3698D9-7B6E-4471-BCE3-9AE413FE3A41}
	EndGlobalSection
EndGlobal
